// !$*UTF8*$!
{
	archiveVersion = 1;
	classes = {
	};
	objectVersion = 51;
	objects = {

/* Begin PBXBuildFile section */
		862E68C8082CB8F5C7F5942D /* Pods_ReactiveX.framework in Frameworks */ = {isa = PBXBuildFile; fileRef = 98A546A3F51D5CB079B9DC2C /* Pods_ReactiveX.framework */; };
		8F50205724D73F6300CCAD60 /* ViewModelType.swift in Sources */ = {isa = PBXBuildFile; fileRef = 8F50205624D73F6300CCAD60 /* ViewModelType.swift */; };
		8F50205B24D73FE300CCAD60 /* HomeViewModel.swift in Sources */ = {isa = PBXBuildFile; fileRef = 8F50205A24D73FE300CCAD60 /* HomeViewModel.swift */; };
		8F50205D24D7441D00CCAD60 /* Observable+Ext.swift in Sources */ = {isa = PBXBuildFile; fileRef = 8F50205C24D7441D00CCAD60 /* Observable+Ext.swift */; };
		8FCEE4C924D73C6900DD759E /* AppDelegate.swift in Sources */ = {isa = PBXBuildFile; fileRef = 8FCEE4C824D73C6900DD759E /* AppDelegate.swift */; };
		8FCEE4CD24D73C6900DD759E /* HomeViewController.swift in Sources */ = {isa = PBXBuildFile; fileRef = 8FCEE4CC24D73C6900DD759E /* HomeViewController.swift */; };
		8FCEE4D024D73C6900DD759E /* Main.storyboard in Resources */ = {isa = PBXBuildFile; fileRef = 8FCEE4CE24D73C6900DD759E /* Main.storyboard */; };
		8FCEE4D224D73C6B00DD759E /* Assets.xcassets in Resources */ = {isa = PBXBuildFile; fileRef = 8FCEE4D124D73C6B00DD759E /* Assets.xcassets */; };
		8FCEE4D524D73C6B00DD759E /* LaunchScreen.storyboard in Resources */ = {isa = PBXBuildFile; fileRef = 8FCEE4D324D73C6B00DD759E /* LaunchScreen.storyboard */; };
		8FD3610F24D7DFCE00BD1CB4 /* SyncRepository.swift in Sources */ = {isa = PBXBuildFile; fileRef = 8FD3610E24D7DFCE00BD1CB4 /* SyncRepository.swift */; };
/* End PBXBuildFile section */

/* Begin PBXFileReference section */
		2C28F5AE03DC0ADC495CA546 /* Pods-ReactiveX.debug.xcconfig */ = {isa = PBXFileReference; includeInIndex = 1; lastKnownFileType = text.xcconfig; name = "Pods-ReactiveX.debug.xcconfig"; path = "Target Support Files/Pods-ReactiveX/Pods-ReactiveX.debug.xcconfig"; sourceTree = "<group>"; };
		31A8ED28559D53C681F0CC59 /* Pods-ReactiveX.release.xcconfig */ = {isa = PBXFileReference; includeInIndex = 1; lastKnownFileType = text.xcconfig; name = "Pods-ReactiveX.release.xcconfig"; path = "Target Support Files/Pods-ReactiveX/Pods-ReactiveX.release.xcconfig"; sourceTree = "<group>"; };
		8F50205624D73F6300CCAD60 /* ViewModelType.swift */ = {isa = PBXFileReference; lastKnownFileType = sourcecode.swift; path = ViewModelType.swift; sourceTree = "<group>"; };
		8F50205A24D73FE300CCAD60 /* HomeViewModel.swift */ = {isa = PBXFileReference; lastKnownFileType = sourcecode.swift; path = HomeViewModel.swift; sourceTree = "<group>"; };
		8F50205C24D7441D00CCAD60 /* Observable+Ext.swift */ = {isa = PBXFileReference; lastKnownFileType = sourcecode.swift; path = "Observable+Ext.swift"; sourceTree = "<group>"; };
		8FCEE4C524D73C6900DD759E /* ReactiveX.app */ = {isa = PBXFileReference; explicitFileType = wrapper.application; includeInIndex = 0; path = ReactiveX.app; sourceTree = BUILT_PRODUCTS_DIR; };
		8FCEE4C824D73C6900DD759E /* AppDelegate.swift */ = {isa = PBXFileReference; lastKnownFileType = sourcecode.swift; path = AppDelegate.swift; sourceTree = "<group>"; };
		8FCEE4CC24D73C6900DD759E /* HomeViewController.swift */ = {isa = PBXFileReference; lastKnownFileType = sourcecode.swift; path = HomeViewController.swift; sourceTree = "<group>"; };
		8FCEE4CF24D73C6900DD759E /* Base */ = {isa = PBXFileReference; lastKnownFileType = file.storyboard; name = Base; path = Base.lproj/Main.storyboard; sourceTree = "<group>"; };
		8FCEE4D124D73C6B00DD759E /* Assets.xcassets */ = {isa = PBXFileReference; lastKnownFileType = folder.assetcatalog; path = Assets.xcassets; sourceTree = "<group>"; };
		8FCEE4D424D73C6B00DD759E /* Base */ = {isa = PBXFileReference; lastKnownFileType = file.storyboard; name = Base; path = Base.lproj/LaunchScreen.storyboard; sourceTree = "<group>"; };
		8FCEE4D624D73C6B00DD759E /* Info.plist */ = {isa = PBXFileReference; lastKnownFileType = text.plist.xml; path = Info.plist; sourceTree = "<group>"; };
		8FD3610E24D7DFCE00BD1CB4 /* SyncRepository.swift */ = {isa = PBXFileReference; lastKnownFileType = sourcecode.swift; path = SyncRepository.swift; sourceTree = "<group>"; };
		98A546A3F51D5CB079B9DC2C /* Pods_ReactiveX.framework */ = {isa = PBXFileReference; explicitFileType = wrapper.framework; includeInIndex = 0; path = Pods_ReactiveX.framework; sourceTree = BUILT_PRODUCTS_DIR; };
/* End PBXFileReference section */

/* Begin PBXFrameworksBuildPhase section */
		8FCEE4C224D73C6900DD759E /* Frameworks */ = {
			isa = PBXFrameworksBuildPhase;
			buildActionMask = 2147483647;
			files = (
				862E68C8082CB8F5C7F5942D /* Pods_ReactiveX.framework in Frameworks */,
			);
			runOnlyForDeploymentPostprocessing = 0;
		};
/* End PBXFrameworksBuildPhase section */

/* Begin PBXGroup section */
		3972A7E60DCA577751E8425F /* Pods */ = {
			isa = PBXGroup;
			children = (
				2C28F5AE03DC0ADC495CA546 /* Pods-ReactiveX.debug.xcconfig */,
				31A8ED28559D53C681F0CC59 /* Pods-ReactiveX.release.xcconfig */,
			);
			path = Pods;
			sourceTree = "<group>";
		};
		8F50205124D73DE900CCAD60 /* Support */ = {
			isa = PBXGroup;
			children = (
				8FCEE4D624D73C6B00DD759E /* Info.plist */,
			);
			path = Support;
			sourceTree = "<group>";
		};
		8F50205224D73DF800CCAD60 /* Sources */ = {
			isa = PBXGroup;
			children = (
				8FCEE4C824D73C6900DD759E /* AppDelegate.swift */,
				8FD3610D24D7DFBE00BD1CB4 /* Repository */,
				8F50205924D73F7E00CCAD60 /* ViewModels */,
				8F50205524D73F4E00CCAD60 /* Rx */,
				8F50205424D73E3D00CCAD60 /* Controllers */,
			);
			path = Sources;
			sourceTree = "<group>";
		};
		8F50205324D73E1D00CCAD60 /* Resources */ = {
			isa = PBXGroup;
			children = (
				8FCEE4CE24D73C6900DD759E /* Main.storyboard */,
				8FCEE4D124D73C6B00DD759E /* Assets.xcassets */,
				8FCEE4D324D73C6B00DD759E /* LaunchScreen.storyboard */,
			);
			path = Resources;
			sourceTree = "<group>";
		};
		8F50205424D73E3D00CCAD60 /* Controllers */ = {
			isa = PBXGroup;
			children = (
				8FCEE4CC24D73C6900DD759E /* HomeViewController.swift */,
			);
			path = Controllers;
			sourceTree = "<group>";
		};
		8F50205524D73F4E00CCAD60 /* Rx */ = {
			isa = PBXGroup;
			children = (
				8F50205624D73F6300CCAD60 /* ViewModelType.swift */,
				8F50205C24D7441D00CCAD60 /* Observable+Ext.swift */,
			);
			path = Rx;
			sourceTree = "<group>";
		};
		8F50205924D73F7E00CCAD60 /* ViewModels */ = {
			isa = PBXGroup;
			children = (
				8F50205A24D73FE300CCAD60 /* HomeViewModel.swift */,
			);
			path = ViewModels;
			sourceTree = "<group>";
		};
		8FCEE4BC24D73C6900DD759E = {
			isa = PBXGroup;
			children = (
				8FCEE4C724D73C6900DD759E /* ReactiveX */,
				8FCEE4C624D73C6900DD759E /* Products */,
				3972A7E60DCA577751E8425F /* Pods */,
				DEE9872EBD96862CFB56C3EC /* Frameworks */,
			);
			sourceTree = "<group>";
		};
		8FCEE4C624D73C6900DD759E /* Products */ = {
			isa = PBXGroup;
			children = (
				8FCEE4C524D73C6900DD759E /* ReactiveX.app */,
			);
			name = Products;
			sourceTree = "<group>";
		};
		8FCEE4C724D73C6900DD759E /* ReactiveX */ = {
			isa = PBXGroup;
			children = (
				8F50205224D73DF800CCAD60 /* Sources */,
				8F50205324D73E1D00CCAD60 /* Resources */,
				8F50205124D73DE900CCAD60 /* Support */,
			);
			path = ReactiveX;
			sourceTree = "<group>";
		};
		8FD3610D24D7DFBE00BD1CB4 /* Repository */ = {
			isa = PBXGroup;
			children = (
				8FD3610E24D7DFCE00BD1CB4 /* SyncRepository.swift */,
			);
			path = Repository;
			sourceTree = "<group>";
		};
		DEE9872EBD96862CFB56C3EC /* Frameworks */ = {
			isa = PBXGroup;
			children = (
				98A546A3F51D5CB079B9DC2C /* Pods_ReactiveX.framework */,
			);
			name = Frameworks;
			sourceTree = "<group>";
		};
/* End PBXGroup section */

/* Begin PBXNativeTarget section */
		8FCEE4C424D73C6900DD759E /* ReactiveX */ = {
			isa = PBXNativeTarget;
			buildConfigurationList = 8FCEE4D924D73C6B00DD759E /* Build configuration list for PBXNativeTarget "ReactiveX" */;
			buildPhases = (
				2B7CDAEF6742D6E1105A4E35 /* [CP] Check Pods Manifest.lock */,
				8FCEE4C124D73C6900DD759E /* Sources */,
				8FCEE4C224D73C6900DD759E /* Frameworks */,
				8FCEE4C324D73C6900DD759E /* Resources */,
				330E242F6A772F86FFC52B39 /* [CP] Embed Pods Frameworks */,
			);
			buildRules = (
			);
			dependencies = (
			);
			name = ReactiveX;
			productName = ReactiveX;
			productReference = 8FCEE4C524D73C6900DD759E /* ReactiveX.app */;
			productType = "com.apple.product-type.application";
		};
/* End PBXNativeTarget section */

/* Begin PBXProject section */
		8FCEE4BD24D73C6900DD759E /* Project object */ = {
			isa = PBXProject;
			attributes = {
				LastSwiftUpdateCheck = 1120;
				LastUpgradeCheck = 1120;
				ORGANIZATIONNAME = "Anirudha Mahale";
				TargetAttributes = {
					8FCEE4C424D73C6900DD759E = {
						CreatedOnToolsVersion = 11.2.1;
					};
				};
			};
			buildConfigurationList = 8FCEE4C024D73C6900DD759E /* Build configuration list for PBXProject "ReactiveX" */;
			compatibilityVersion = "Xcode 9.3";
			developmentRegion = en;
			hasScannedForEncodings = 0;
			knownRegions = (
				en,
				Base,
			);
			mainGroup = 8FCEE4BC24D73C6900DD759E;
			productRefGroup = 8FCEE4C624D73C6900DD759E /* Products */;
			projectDirPath = "";
			projectRoot = "";
			targets = (
				8FCEE4C424D73C6900DD759E /* ReactiveX */,
			);
		};
/* End PBXProject section */

/* Begin PBXResourcesBuildPhase section */
		8FCEE4C324D73C6900DD759E /* Resources */ = {
			isa = PBXResourcesBuildPhase;
			buildActionMask = 2147483647;
			files = (
				8FCEE4D524D73C6B00DD759E /* LaunchScreen.storyboard in Resources */,
				8FCEE4D224D73C6B00DD759E /* Assets.xcassets in Resources */,
				8FCEE4D024D73C6900DD759E /* Main.storyboard in Resources */,
			);
			runOnlyForDeploymentPostprocessing = 0;
		};
/* End PBXResourcesBuildPhase section */

/* Begin PBXShellScriptBuildPhase section */
		2B7CDAEF6742D6E1105A4E35 /* [CP] Check Pods Manifest.lock */ = {
			isa = PBXShellScriptBuildPhase;
			buildActionMask = 2147483647;
			files = (
			);
			inputFileListPaths = (
			);
			inputPaths = (
				"${PODS_PODFILE_DIR_PATH}/Podfile.lock",
				"${PODS_ROOT}/Manifest.lock",
			);
			name = "[CP] Check Pods Manifest.lock";
			outputFileListPaths = (
			);
			outputPaths = (
				"$(DERIVED_FILE_DIR)/Pods-ReactiveX-checkManifestLockResult.txt",
			);
			runOnlyForDeploymentPostprocessing = 0;
			shellPath = /bin/sh;
			shellScript = "diff \"${PODS_PODFILE_DIR_PATH}/Podfile.lock\" \"${PODS_ROOT}/Manifest.lock\" > /dev/null\nif [ $? != 0 ] ; then\n    # print error to STDERR\n    echo \"error: The sandbox is not in sync with the Podfile.lock. Run 'pod install' or update your CocoaPods installation.\" >&2\n    exit 1\nfi\n# This output is used by Xcode 'outputs' to avoid re-running this script phase.\necho \"SUCCESS\" > \"${SCRIPT_OUTPUT_FILE_0}\"\n";
			showEnvVarsInLog = 0;
		};
		330E242F6A772F86FFC52B39 /* [CP] Embed Pods Frameworks */ = {
			isa = PBXShellScriptBuildPhase;
			buildActionMask = 2147483647;
			files = (
			);
			inputFileListPaths = (
				"${PODS_ROOT}/Target Support Files/Pods-ReactiveX/Pods-ReactiveX-frameworks-${CONFIGURATION}-input-files.xcfilelist",
			);
			name = "[CP] Embed Pods Frameworks";
			outputFileListPaths = (
				"${PODS_ROOT}/Target Support Files/Pods-ReactiveX/Pods-ReactiveX-frameworks-${CONFIGURATION}-output-files.xcfilelist",
			);
			runOnlyForDeploymentPostprocessing = 0;
			shellPath = /bin/sh;
			shellScript = "\"${PODS_ROOT}/Target Support Files/Pods-ReactiveX/Pods-ReactiveX-frameworks.sh\"\n";
			showEnvVarsInLog = 0;
		};
/* End PBXShellScriptBuildPhase section */

/* Begin PBXSourcesBuildPhase section */
		8FCEE4C124D73C6900DD759E /* Sources */ = {
			isa = PBXSourcesBuildPhase;
			buildActionMask = 2147483647;
			files = (
				8FCEE4CD24D73C6900DD759E /* HomeViewController.swift in Sources */,
				8FCEE4C924D73C6900DD759E /* AppDelegate.swift in Sources */,
				8FD3610F24D7DFCE00BD1CB4 /* SyncRepository.swift in Sources */,
				8F50205724D73F6300CCAD60 /* ViewModelType.swift in Sources */,
				8F50205B24D73FE300CCAD60 /* HomeViewModel.swift in Sources */,
				8F50205D24D7441D00CCAD60 /* Observable+Ext.swift in Sources */,
			);
			runOnlyForDeploymentPostprocessing = 0;
		};
/* End PBXSourcesBuildPhase section */

/* Begin PBXVariantGroup section */
		8FCEE4CE24D73C6900DD759E /* Main.storyboard */ = {
			isa = PBXVariantGroup;
			children = (
				8FCEE4CF24D73C6900DD759E /* Base */,
			);
			name = Main.storyboard;
			sourceTree = "<group>";
		};
		8FCEE4D324D73C6B00DD759E /* LaunchScreen.storyboard */ = {
			isa = PBXVariantGroup;
			children = (
				8FCEE4D424D73C6B00DD759E /* Base */,
			);
			name = LaunchScreen.storyboard;
			sourceTree = "<group>";
		};
/* End PBXVariantGroup section */

/* Begin XCBuildConfiguration section */
		8FCEE4D724D73C6B00DD759E /* Debug */ = {
			isa = XCBuildConfiguration;
			buildSettings = {
				ALWAYS_SEARCH_USER_PATHS = NO;
				CLANG_ANALYZER_NONNULL = YES;
				CLANG_ANALYZER_NUMBER_OBJECT_CONVERSION = YES_AGGRESSIVE;
				CLANG_CXX_LANGUAGE_STANDARD = "gnu++14";
				CLANG_CXX_LIBRARY = "libc++";
				CLANG_ENABLE_MODULES = YES;
				CLANG_ENABLE_OBJC_ARC = YES;
				CLANG_ENABLE_OBJC_WEAK = YES;
				CLANG_WARN_BLOCK_CAPTURE_AUTORELEASING = YES;
				CLANG_WARN_BOOL_CONVERSION = YES;
				CLANG_WARN_COMMA = YES;
				CLANG_WARN_CONSTANT_CONVERSION = YES;
				CLANG_WARN_DEPRECATED_OBJC_IMPLEMENTATIONS = YES;
				CLANG_WARN_DIRECT_OBJC_ISA_USAGE = YES_ERROR;
				CLANG_WARN_DOCUMENTATION_COMMENTS = YES;
				CLANG_WARN_EMPTY_BODY = YES;
				CLANG_WARN_ENUM_CONVERSION = YES;
				CLANG_WARN_INFINITE_RECURSION = YES;
				CLANG_WARN_INT_CONVERSION = YES;
				CLANG_WARN_NON_LITERAL_NULL_CONVERSION = YES;
				CLANG_WARN_OBJC_IMPLICIT_RETAIN_SELF = YES;
				CLANG_WARN_OBJC_LITERAL_CONVERSION = YES;
				CLANG_WARN_OBJC_ROOT_CLASS = YES_ERROR;
				CLANG_WARN_RANGE_LOOP_ANALYSIS = YES;
				CLANG_WARN_STRICT_PROTOTYPES = YES;
				CLANG_WARN_SUSPICIOUS_MOVE = YES;
				CLANG_WARN_UNGUARDED_AVAILABILITY = YES_AGGRESSIVE;
				CLANG_WARN_UNREACHABLE_CODE = YES;
				CLANG_WARN__DUPLICATE_METHOD_MATCH = YES;
				COPY_PHASE_STRIP = NO;
				DEBUG_INFORMATION_FORMAT = dwarf;
				ENABLE_STRICT_OBJC_MSGSEND = YES;
				ENABLE_TESTABILITY = YES;
				GCC_C_LANGUAGE_STANDARD = gnu11;
				GCC_DYNAMIC_NO_PIC = NO;
				GCC_NO_COMMON_BLOCKS = YES;
				GCC_OPTIMIZATION_LEVEL = 0;
				GCC_PREPROCESSOR_DEFINITIONS = (
					"DEBUG=1",
					"$(inherited)",
				);
				GCC_WARN_64_TO_32_BIT_CONVERSION = YES;
				GCC_WARN_ABOUT_RETURN_TYPE = YES_ERROR;
				GCC_WARN_UNDECLARED_SELECTOR = YES;
				GCC_WARN_UNINITIALIZED_AUTOS = YES_AGGRESSIVE;
				GCC_WARN_UNUSED_FUNCTION = YES;
				GCC_WARN_UNUSED_VARIABLE = YES;
				IPHONEOS_DEPLOYMENT_TARGET = 13.2;
				MTL_ENABLE_DEBUG_INFO = INCLUDE_SOURCE;
				MTL_FAST_MATH = YES;
				ONLY_ACTIVE_ARCH = YES;
				SDKROOT = iphoneos;
				SWIFT_ACTIVE_COMPILATION_CONDITIONS = DEBUG;
				SWIFT_OPTIMIZATION_LEVEL = "-Onone";
			};
			name = Debug;
		};
		8FCEE4D824D73C6B00DD759E /* Release */ = {
			isa = XCBuildConfiguration;
			buildSettings = {
				ALWAYS_SEARCH_USER_PATHS = NO;
				CLANG_ANALYZER_NONNULL = YES;
				CLANG_ANALYZER_NUMBER_OBJECT_CONVERSION = YES_AGGRESSIVE;
				CLANG_CXX_LANGUAGE_STANDARD = "gnu++14";
				CLANG_CXX_LIBRARY = "libc++";
				CLANG_ENABLE_MODULES = YES;
				CLANG_ENABLE_OBJC_ARC = YES;
				CLANG_ENABLE_OBJC_WEAK = YES;
				CLANG_WARN_BLOCK_CAPTURE_AUTORELEASING = YES;
				CLANG_WARN_BOOL_CONVERSION = YES;
				CLANG_WARN_COMMA = YES;
				CLANG_WARN_CONSTANT_CONVERSION = YES;
				CLANG_WARN_DEPRECATED_OBJC_IMPLEMENTATIONS = YES;
				CLANG_WARN_DIRECT_OBJC_ISA_USAGE = YES_ERROR;
				CLANG_WARN_DOCUMENTATION_COMMENTS = YES;
				CLANG_WARN_EMPTY_BODY = YES;
				CLANG_WARN_ENUM_CONVERSION = YES;
				CLANG_WARN_INFINITE_RECURSION = YES;
				CLANG_WARN_INT_CONVERSION = YES;
				CLANG_WARN_NON_LITERAL_NULL_CONVERSION = YES;
				CLANG_WARN_OBJC_IMPLICIT_RETAIN_SELF = YES;
				CLANG_WARN_OBJC_LITERAL_CONVERSION = YES;
				CLANG_WARN_OBJC_ROOT_CLASS = YES_ERROR;
				CLANG_WARN_RANGE_LOOP_ANALYSIS = YES;
				CLANG_WARN_STRICT_PROTOTYPES = YES;
				CLANG_WARN_SUSPICIOUS_MOVE = YES;
				CLANG_WARN_UNGUARDED_AVAILABILITY = YES_AGGRESSIVE;
				CLANG_WARN_UNREACHABLE_CODE = YES;
				CLANG_WARN__DUPLICATE_METHOD_MATCH = YES;
				COPY_PHASE_STRIP = NO;
				DEBUG_INFORMATION_FORMAT = "dwarf-with-dsym";
				ENABLE_NS_ASSERTIONS = NO;
				ENABLE_STRICT_OBJC_MSGSEND = YES;
				GCC_C_LANGUAGE_STANDARD = gnu11;
				GCC_NO_COMMON_BLOCKS = YES;
				GCC_WARN_64_TO_32_BIT_CONVERSION = YES;
				GCC_WARN_ABOUT_RETURN_TYPE = YES_ERROR;
				GCC_WARN_UNDECLARED_SELECTOR = YES;
				GCC_WARN_UNINITIALIZED_AUTOS = YES_AGGRESSIVE;
				GCC_WARN_UNUSED_FUNCTION = YES;
				GCC_WARN_UNUSED_VARIABLE = YES;
				IPHONEOS_DEPLOYMENT_TARGET = 13.2;
				MTL_ENABLE_DEBUG_INFO = NO;
				MTL_FAST_MATH = YES;
				SDKROOT = iphoneos;
				SWIFT_COMPILATION_MODE = wholemodule;
				SWIFT_OPTIMIZATION_LEVEL = "-O";
				VALIDATE_PRODUCT = YES;
			};
			name = Release;
		};
		8FCEE4DA24D73C6B00DD759E /* Debug */ = {
			isa = XCBuildConfiguration;
			baseConfigurationReference = 2C28F5AE03DC0ADC495CA546 /* Pods-ReactiveX.debug.xcconfig */;
			buildSettings = {
				ASSETCATALOG_COMPILER_APPICON_NAME = AppIcon;
				CODE_SIGN_STYLE = Automatic;
				DEVELOPMENT_TEAM = 5MG4YU4SAP;
				INFOPLIST_FILE = "$(SRCROOT)/ReactiveX/Support/Info.plist";
				IPHONEOS_DEPLOYMENT_TARGET = 10.3;
				LD_RUNPATH_SEARCH_PATHS = (
					"$(inherited)",
					"@executable_path/Frameworks",
				);
				PRODUCT_BUNDLE_IDENTIFIER = com.anirudhamahale.ReactiveX;
				PRODUCT_NAME = "$(TARGET_NAME)";
				SWIFT_VERSION = 5.0;
				TARGETED_DEVICE_FAMILY = "1,2";
			};
			name = Debug;
		};
		8FCEE4DB24D73C6B00DD759E /* Release */ = {
			isa = XCBuildConfiguration;
			baseConfigurationReference = 31A8ED28559D53C681F0CC59 /* Pods-ReactiveX.release.xcconfig */;
			buildSettings = {
				ASSETCATALOG_COMPILER_APPICON_NAME = AppIcon;
				CODE_SIGN_STYLE = Automatic;
				DEVELOPMENT_TEAM = 5MG4YU4SAP;
				INFOPLIST_FILE = "$(SRCROOT)/ReactiveX/Support/Info.plist";
				IPHONEOS_DEPLOYMENT_TARGET = 10.3;
				LD_RUNPATH_SEARCH_PATHS = (
					"$(inherited)",
					"@executable_path/Frameworks",
				);
				PRODUCT_BUNDLE_IDENTIFIER = com.anirudhamahale.ReactiveX;
				PRODUCT_NAME = "$(TARGET_NAME)";
				SWIFT_VERSION = 5.0;
				TARGETED_DEVICE_FAMILY = "1,2";
			};
			name = Release;
		};
/* End XCBuildConfiguration section */

/* Begin XCConfigurationList section */
		8FCEE4C024D73C6900DD759E /* Build configuration list for PBXProject "ReactiveX" */ = {
			isa = XCConfigurationList;
			buildConfigurations = (
				8FCEE4D724D73C6B00DD759E /* Debug */,
				8FCEE4D824D73C6B00DD759E /* Release */,
			);
			defaultConfigurationIsVisible = 0;
			defaultConfigurationName = Release;
		};
		8FCEE4D924D73C6B00DD759E /* Build configuration list for PBXNativeTarget "ReactiveX" */ = {
			isa = XCConfigurationList;
			buildConfigurations = (
				8FCEE4DA24D73C6B00DD759E /* Debug */,
				8FCEE4DB24D73C6B00DD759E /* Release */,
			);
			defaultConfigurationIsVisible = 0;
			defaultConfigurationName = Release;
		};
/* End XCConfigurationList section */
	};
	rootObject = 8FCEE4BD24D73C6900DD759E /* Project object */;
}
